
Microsoft Visual Studio Solution File, Format Version 12.00
# Visual Studio 15
VisualStudioVersion = 15.0.28307.1231
MinimumVisualStudioVersion = 10.0.40219.1
Project("{FAE04EC0-301F-11D3-BF4B-00C04F79EFBC}") = "AccessUniversity.Android", "AccessUniversity\AccessUniversity.Android\AccessUniversity.Android.csproj", "{24CE3C36-16B9-426D-AA0C-5961ECF8D88C}"
EndProject
Project("{FAE04EC0-301F-11D3-BF4B-00C04F79EFBC}") = "AccessUniversity.iOS", "AccessUniversity\AccessUniversity.iOS\AccessUniversity.iOS.csproj", "{F602995B-AFA7-4667-A548-633E8D2897AB}"
EndProject
Project("{9A19103F-16F7-4668-BE54-9A1E7A4F7556}") = "AccessUniversity", "AccessUniversity\AccessUniversity\AccessUniversity.csproj", "{2C341949-606E-4B83-91DB-629A23C8A61A}"
EndProject
Global
	GlobalSection(SolutionConfigurationPlatforms) = preSolution
		Debug|Any CPU = Debug|Any CPU
		Debug|iPhone = Debug|iPhone
		Debug|iPhoneSimulator = Debug|iPhoneSimulator
		Release|Any CPU = Release|Any CPU
		Release|iPhone = Release|iPhone
		Release|iPhoneSimulator = Release|iPhoneSimulator
	EndGlobalSection
	GlobalSection(ProjectConfigurationPlatforms) = postSolution
		{24CE3C36-16B9-426D-AA0C-5961ECF8D88C}.Debug|Any CPU.ActiveCfg = Debug|Any CPU
		{24CE3C36-16B9-426D-AA0C-5961ECF8D88C}.Debug|Any CPU.Build.0 = Debug|Any CPU
		{24CE3C36-16B9-426D-AA0C-5961ECF8D88C}.Debug|Any CPU.Deploy.0 = Debug|Any CPU
		{24CE3C36-16B9-426D-AA0C-5961ECF8D88C}.Debug|iPhone.ActiveCfg = Debug|Any CPU
		{24CE3C36-16B9-426D-AA0C-5961ECF8D88C}.Debug|iPhone.Build.0 = Debug|Any CPU
		{24CE3C36-16B9-426D-AA0C-5961ECF8D88C}.Debug|iPhone.Deploy.0 = Debug|Any CPU
		{24CE3C36-16B9-426D-AA0C-5961ECF8D88C}.Debug|iPhoneSimulator.ActiveCfg = Debug|Any CPU
		{24CE3C36-16B9-426D-AA0C-5961ECF8D88C}.Debug|iPhoneSimulator.Build.0 = Debug|Any CPU
		{24CE3C36-16B9-426D-AA0C-5961ECF8D88C}.Debug|iPhoneSimulator.Deploy.0 = Debug|Any CPU
		{24CE3C36-16B9-426D-AA0C-5961ECF8D88C}.Release|Any CPU.ActiveCfg = Release|Any CPU
		{24CE3C36-16B9-426D-AA0C-5961ECF8D88C}.Release|Any CPU.Build.0 = Release|Any CPU
		{24CE3C36-16B9-426D-AA0C-5961ECF8D88C}.Release|Any CPU.Deploy.0 = Release|Any CPU
		{24CE3C36-16B9-426D-AA0C-5961ECF8D88C}.Release|iPhone.ActiveCfg = Release|Any CPU
		{24CE3C36-16B9-426D-AA0C-5961ECF8D88C}.Release|iPhone.Build.0 = Release|Any CPU
		{24CE3C36-16B9-426D-AA0C-5961ECF8D88C}.Release|iPhone.Deploy.0 = Release|Any CPU
		{24CE3C36-16B9-426D-AA0C-5961ECF8D88C}.Release|iPhoneSimulator.ActiveCfg = Release|Any CPU
		{24CE3C36-16B9-426D-AA0C-5961ECF8D88C}.Release|iPhoneSimulator.Build.0 = Release|Any CPU
		{24CE3C36-16B9-426D-AA0C-5961ECF8D88C}.Release|iPhoneSimulator.Deploy.0 = Release|Any CPU
		{F602995B-AFA7-4667-A548-633E8D2897AB}.Debug|Any CPU.ActiveCfg = Debug|iPhoneSimulator
		{F602995B-AFA7-4667-A548-633E8D2897AB}.Debug|Any CPU.Build.0 = Debug|iPhoneSimulator
		{F602995B-AFA7-4667-A548-633E8D2897AB}.Debug|Any CPU.Deploy.0 = Debug|iPhoneSimulator
		{F602995B-AFA7-4667-A548-633E8D2897AB}.Debug|iPhone.ActiveCfg = Debug|iPhone
		{F602995B-AFA7-4667-A548-633E8D2897AB}.Debug|iPhone.Build.0 = Debug|iPhone
		{F602995B-AFA7-4667-A548-633E8D2897AB}.Debug|iPhone.Deploy.0 = Debug|iPhone
		{F602995B-AFA7-4667-A548-633E8D2897AB}.Debug|iPhoneSimulator.ActiveCfg = Debug|iPhoneSimulator
		{F602995B-AFA7-4667-A548-633E8D2897AB}.Debug|iPhoneSimulator.Build.0 = Debug|iPhoneSimulator
		{F602995B-AFA7-4667-A548-633E8D2897AB}.Debug|iPhoneSimulator.Deploy.0 = Debug|iPhoneSimulator
		{F602995B-AFA7-4667-A548-633E8D2897AB}.Release|Any CPU.ActiveCfg = Release|iPhone
		{F602995B-AFA7-4667-A548-633E8D2897AB}.Release|Any CPU.Build.0 = Release|iPhone
		{F602995B-AFA7-4667-A548-633E8D2897AB}.Release|Any CPU.Deploy.0 = Release|iPhone
		{F602995B-AFA7-4667-A548-633E8D2897AB}.Release|iPhone.ActiveCfg = Release|iPhone
		{F602995B-AFA7-4667-A548-633E8D2897AB}.Release|iPhone.Build.0 = Release|iPhone
		{F602995B-AFA7-4667-A548-633E8D2897AB}.Release|iPhone.Deploy.0 = Release|iPhone
		{F602995B-AFA7-4667-A548-633E8D2897AB}.Release|iPhoneSimulator.ActiveCfg = Release|iPhoneSimulator
		{F602995B-AFA7-4667-A548-633E8D2897AB}.Release|iPhoneSimulator.Build.0 = Release|iPhoneSimulator
		{F602995B-AFA7-4667-A548-633E8D2897AB}.Release|iPhoneSimulator.Deploy.0 = Release|iPhoneSimulator
		{2C341949-606E-4B83-91DB-629A23C8A61A}.Debug|Any CPU.ActiveCfg = Debug|Any CPU
		{2C341949-606E-4B83-91DB-629A23C8A61A}.Debug|Any CPU.Build.0 = Debug|Any CPU
		{2C341949-606E-4B83-91DB-629A23C8A61A}.Debug|Any CPU.Deploy.0 = Debug|Any CPU
		{2C341949-606E-4B83-91DB-629A23C8A61A}.Debug|iPhone.ActiveCfg = Debug|Any CPU
		{2C341949-606E-4B83-91DB-629A23C8A61A}.Debug|iPhone.Build.0 = Debug|Any CPU
		{2C341949-606E-4B83-91DB-629A23C8A61A}.Debug|iPhone.Deploy.0 = Debug|Any CPU
		{2C341949-606E-4B83-91DB-629A23C8A61A}.Debug|iPhoneSimulator.ActiveCfg = Debug|Any CPU
		{2C341949-606E-4B83-91DB-629A23C8A61A}.Debug|iPhoneSimulator.Build.0 = Debug|Any CPU
		{2C341949-606E-4B83-91DB-629A23C8A61A}.Debug|iPhoneSimulator.Deploy.0 = Debug|Any CPU
		{2C341949-606E-4B83-91DB-629A23C8A61A}.Release|Any CPU.ActiveCfg = Release|Any CPU
		{2C341949-606E-4B83-91DB-629A23C8A61A}.Release|Any CPU.Build.0 = Release|Any CPU
		{2C341949-606E-4B83-91DB-629A23C8A61A}.Release|Any CPU.Deploy.0 = Release|Any CPU
		{2C341949-606E-4B83-91DB-629A23C8A61A}.Release|iPhone.ActiveCfg = Release|Any CPU
		{2C341949-606E-4B83-91DB-629A23C8A61A}.Release|iPhone.Build.0 = Release|Any CPU
		{2C341949-606E-4B83-91DB-629A23C8A61A}.Release|iPhone.Deploy.0 = Release|Any CPU
		{2C341949-606E-4B83-91DB-629A23C8A61A}.Release|iPhoneSimulator.ActiveCfg = Release|Any CPU
		{2C341949-606E-4B83-91DB-629A23C8A61A}.Release|iPhoneSimulator.Build.0 = Release|Any CPU
		{2C341949-606E-4B83-91DB-629A23C8A61A}.Release|iPhoneSimulator.Deploy.0 = Release|Any CPU
	EndGlobalSection
	GlobalSection(SolutionProperties) = preSolution
		HideSolutionNode = FALSE
	EndGlobalSection
	GlobalSection(ExtensibilityGlobals) = postSolution
		SolutionGuid = {14537DBD-B0D7-4ABA-BD9C-EC26C1980C0C}
	EndGlobalSection
EndGlobal
